
Microsoft Visual Studio Solution File, Format Version 12.00
# Visual Studio 15
VisualStudioVersion = 15.0.27428.2037
MinimumVisualStudioVersion = 10.0.40219.1
Project("{FAE04EC0-301F-11D3-BF4B-00C04F79EFBC}") = "Farmacia Manager", "School Manager\Farmacia Manager.csproj", "{44F862C3-379E-4DCA-9285-9D1162B7D555}"
EndProject
Global
	GlobalSection(SolutionConfigurationPlatforms) = preSolution
		Debug|Any CPU = Debug|Any CPU
		Release|Any CPU = Release|Any CPU
	EndGlobalSection
	GlobalSection(ProjectConfigurationPlatforms) = postSolution
		{44F862C3-379E-4DCA-9285-9D1162B7D555}.Debug|Any CPU.ActiveCfg = Debug|Any CPU
		{44F862C3-379E-4DCA-9285-9D1162B7D555}.Debug|Any CPU.Build.0 = Debug|Any CPU
		{44F862C3-379E-4DCA-9285-9D1162B7D555}.Release|Any CPU.ActiveCfg = Release|Any CPU
		{44F862C3-379E-4DCA-9285-9D1162B7D555}.Release|Any CPU.Build.0 = Release|Any CPU
	EndGlobalSection
	GlobalSection(SolutionProperties) = preSolution
		HideSolutionNode = FALSE
	EndGlobalSection
	GlobalSection(ExtensibilityGlobals) = postSolution
		SolutionGuid = {F02C115E-1844-41EB-895E-06B7DCDE80F8}
	EndGlobalSection
EndGlobal
